
Microsoft Visual Studio Solution File, Format Version 12.00
# Visual Studio Version 17
VisualStudioVersion = 17.2.32616.157
MinimumVisualStudioVersion = 10.0.40219.1
Project("{FAE04EC0-301F-11D3-BF4B-00C04F79EFBC}") = "day1prac", "ConsoleApp1\day1prac.csproj", "{2D26F06F-11B7-4E15-8199-F5460A87A17C}"
EndProject
Global
	GlobalSection(SolutionConfigurationPlatforms) = preSolution
		Debug|Any CPU = Debug|Any CPU
		Release|Any CPU = Release|Any CPU
	EndGlobalSection
	GlobalSection(ProjectConfigurationPlatforms) = postSolution
		{2D26F06F-11B7-4E15-8199-F5460A87A17C}.Debug|Any CPU.ActiveCfg = Debug|Any CPU
		{2D26F06F-11B7-4E15-8199-F5460A87A17C}.Debug|Any CPU.Build.0 = Debug|Any CPU
		{2D26F06F-11B7-4E15-8199-F5460A87A17C}.Release|Any CPU.ActiveCfg = Release|Any CPU
		{2D26F06F-11B7-4E15-8199-F5460A87A17C}.Release|Any CPU.Build.0 = Release|Any CPU
	EndGlobalSection
	GlobalSection(SolutionProperties) = preSolution
		HideSolutionNode = FALSE
	EndGlobalSection
	GlobalSection(ExtensibilityGlobals) = postSolution
		SolutionGuid = {06815443-16EE-47E4-BA4E-425D07E08057}
	EndGlobalSection
EndGlobal
